
Microsoft Visual Studio Solution File, Format Version 12.00
# Visual Studio 15
Project("{FAE04EC0-301F-11D3-BF4B-00C04F79EFBC}") = "FireAuth.Android", "FireAuth.Android\FireAuth.Android.csproj", "{56AE2E75-A6DD-4010-B591-9D71D3B3E1E4}"
EndProject
Project("{FAE04EC0-301F-11D3-BF4B-00C04F79EFBC}") = "FireAuth.iOS", "FireAuth.iOS\FireAuth.iOS.csproj", "{22D48923-A32C-41C2-9E2B-5F22CF2F58E6}"
EndProject
Project("{FAE04EC0-301F-11D3-BF4B-00C04F79EFBC}") = "FireAuth", "FireAuth\FireAuth.csproj", "{4D60F527-4B6E-4262-9CED-813A9C581D9F}"
EndProject
Global
	GlobalSection(SolutionConfigurationPlatforms) = preSolution
		Debug|Any CPU = Debug|Any CPU
		Release|Any CPU = Release|Any CPU
		Debug|iPhoneSimulator = Debug|iPhoneSimulator
		Release|iPhoneSimulator = Release|iPhoneSimulator
		Debug|iPhone = Debug|iPhone
		Release|iPhone = Release|iPhone
	EndGlobalSection
	GlobalSection(ProjectConfigurationPlatforms) = postSolution
		{56AE2E75-A6DD-4010-B591-9D71D3B3E1E4}.Debug|Any CPU.ActiveCfg = Debug|Any CPU
		{56AE2E75-A6DD-4010-B591-9D71D3B3E1E4}.Debug|Any CPU.Build.0 = Debug|Any CPU
		{56AE2E75-A6DD-4010-B591-9D71D3B3E1E4}.Release|Any CPU.ActiveCfg = Release|Any CPU
		{56AE2E75-A6DD-4010-B591-9D71D3B3E1E4}.Release|Any CPU.Build.0 = Release|Any CPU
		{56AE2E75-A6DD-4010-B591-9D71D3B3E1E4}.Debug|iPhoneSimulator.ActiveCfg = Debug|Any CPU
		{56AE2E75-A6DD-4010-B591-9D71D3B3E1E4}.Debug|iPhoneSimulator.Build.0 = Debug|Any CPU
		{56AE2E75-A6DD-4010-B591-9D71D3B3E1E4}.Release|iPhoneSimulator.ActiveCfg = Release|Any CPU
		{56AE2E75-A6DD-4010-B591-9D71D3B3E1E4}.Release|iPhoneSimulator.Build.0 = Release|Any CPU
		{56AE2E75-A6DD-4010-B591-9D71D3B3E1E4}.Debug|iPhone.ActiveCfg = Debug|Any CPU
		{56AE2E75-A6DD-4010-B591-9D71D3B3E1E4}.Debug|iPhone.Build.0 = Debug|Any CPU
		{56AE2E75-A6DD-4010-B591-9D71D3B3E1E4}.Release|iPhone.ActiveCfg = Release|Any CPU
		{56AE2E75-A6DD-4010-B591-9D71D3B3E1E4}.Release|iPhone.Build.0 = Release|Any CPU
		{22D48923-A32C-41C2-9E2B-5F22CF2F58E6}.Debug|Any CPU.ActiveCfg = Debug|iPhoneSimulator
		{22D48923-A32C-41C2-9E2B-5F22CF2F58E6}.Debug|Any CPU.Build.0 = Debug|iPhoneSimulator
		{22D48923-A32C-41C2-9E2B-5F22CF2F58E6}.Release|Any CPU.ActiveCfg = Release|iPhoneSimulator
		{22D48923-A32C-41C2-9E2B-5F22CF2F58E6}.Release|Any CPU.Build.0 = Release|iPhoneSimulator
		{22D48923-A32C-41C2-9E2B-5F22CF2F58E6}.Debug|iPhoneSimulator.ActiveCfg = Debug|iPhoneSimulator
		{22D48923-A32C-41C2-9E2B-5F22CF2F58E6}.Debug|iPhoneSimulator.Build.0 = Debug|iPhoneSimulator
		{22D48923-A32C-41C2-9E2B-5F22CF2F58E6}.Release|iPhoneSimulator.ActiveCfg = Release|iPhoneSimulator
		{22D48923-A32C-41C2-9E2B-5F22CF2F58E6}.Release|iPhoneSimulator.Build.0 = Release|iPhoneSimulator
		{22D48923-A32C-41C2-9E2B-5F22CF2F58E6}.Debug|iPhone.ActiveCfg = Debug|iPhone
		{22D48923-A32C-41C2-9E2B-5F22CF2F58E6}.Debug|iPhone.Build.0 = Debug|iPhone
		{22D48923-A32C-41C2-9E2B-5F22CF2F58E6}.Release|iPhone.ActiveCfg = Release|iPhone
		{22D48923-A32C-41C2-9E2B-5F22CF2F58E6}.Release|iPhone.Build.0 = Release|iPhone
		{4D60F527-4B6E-4262-9CED-813A9C581D9F}.Debug|Any CPU.ActiveCfg = Debug|Any CPU
		{4D60F527-4B6E-4262-9CED-813A9C581D9F}.Debug|Any CPU.Build.0 = Debug|Any CPU
		{4D60F527-4B6E-4262-9CED-813A9C581D9F}.Release|Any CPU.ActiveCfg = Release|Any CPU
		{4D60F527-4B6E-4262-9CED-813A9C581D9F}.Release|Any CPU.Build.0 = Release|Any CPU
		{4D60F527-4B6E-4262-9CED-813A9C581D9F}.Debug|iPhoneSimulator.ActiveCfg = Debug|Any CPU
		{4D60F527-4B6E-4262-9CED-813A9C581D9F}.Debug|iPhoneSimulator.Build.0 = Debug|Any CPU
		{4D60F527-4B6E-4262-9CED-813A9C581D9F}.Release|iPhoneSimulator.ActiveCfg = Release|Any CPU
		{4D60F527-4B6E-4262-9CED-813A9C581D9F}.Release|iPhoneSimulator.Build.0 = Release|Any CPU
		{4D60F527-4B6E-4262-9CED-813A9C581D9F}.Debug|iPhone.ActiveCfg = Debug|Any CPU
		{4D60F527-4B6E-4262-9CED-813A9C581D9F}.Debug|iPhone.Build.0 = Debug|Any CPU
		{4D60F527-4B6E-4262-9CED-813A9C581D9F}.Release|iPhone.ActiveCfg = Release|Any CPU
		{4D60F527-4B6E-4262-9CED-813A9C581D9F}.Release|iPhone.Build.0 = Release|Any CPU
	EndGlobalSection
EndGlobal
